
Microsoft Visual Studio Solution File, Format Version 12.00
# Visual Studio Version 16
VisualStudioVersion = 16.0.30413.136
MinimumVisualStudioVersion = 10.0.40219.1
Project("{9A19103F-16F7-4668-BE54-9A1E7A4F7556}") = "WebApi.Template", "src\WebApi.Template\WebApi.Template.csproj", "{135162C3-99D5-4F90-99DB-A0290DCAE9D5}"
EndProject
Project("{2150E333-8FDC-42A3-9474-1A3956D46DE8}") = "src", "src", "{07874FDA-184D-4414-A975-8D897469E388}"
EndProject
Project("{2150E333-8FDC-42A3-9474-1A3956D46DE8}") = "test", "test", "{1217691A-5986-4804-BF93-AF17E6040571}"
EndProject
Global
	GlobalSection(SolutionConfigurationPlatforms) = preSolution
		Debug|Any CPU = Debug|Any CPU
		Release|Any CPU = Release|Any CPU
	EndGlobalSection
	GlobalSection(ProjectConfigurationPlatforms) = postSolution
		{135162C3-99D5-4F90-99DB-A0290DCAE9D5}.Debug|Any CPU.ActiveCfg = Debug|Any CPU
		{135162C3-99D5-4F90-99DB-A0290DCAE9D5}.Debug|Any CPU.Build.0 = Debug|Any CPU
		{135162C3-99D5-4F90-99DB-A0290DCAE9D5}.Release|Any CPU.ActiveCfg = Release|Any CPU
		{135162C3-99D5-4F90-99DB-A0290DCAE9D5}.Release|Any CPU.Build.0 = Release|Any CPU
	EndGlobalSection
	GlobalSection(SolutionProperties) = preSolution
		HideSolutionNode = FALSE
	EndGlobalSection
	GlobalSection(NestedProjects) = preSolution
		{135162C3-99D5-4F90-99DB-A0290DCAE9D5} = {07874FDA-184D-4414-A975-8D897469E388}
	EndGlobalSection
	GlobalSection(ExtensibilityGlobals) = postSolution
		SolutionGuid = {8DF56358-7403-4F02-92D1-83F23FA0CD6E}
	EndGlobalSection
EndGlobal
